
Microsoft Visual Studio Solution File, Format Version 12.00
# Visual Studio Version 17
VisualStudioVersion = 17.0.31903.59
MinimumVisualStudioVersion = 10.0.40219.1
Project("{2150E333-8FDC-42A3-9474-1A3956D46DE8}") = "eng", "eng", "{7525B257-249C-EE79-B10A-65D0BC27ABA9}"
EndProject
Project("{2150E333-8FDC-42A3-9474-1A3956D46DE8}") = "src", "src", "{4D425808-9B52-E95B-9A56-D315BE215CCF}"
EndProject
Project("{FAE04EC0-301F-11D3-BF4B-00C04F79EFBC}") = "file-pusher", "eng\src\file-pusher\file-pusher.csproj", "{D7F1A1C1-AADF-4A9A-B312-F0EB5DD93452}"
EndProject
Project("{FAE04EC0-301F-11D3-BF4B-00C04F79EFBC}") = "yaml-updater", "eng\src\yaml-updater\yaml-updater.csproj", "{5ECC6C14-0DDE-4F7F-9984-6027119C9FEC}"
EndProject
Global
	GlobalSection(SolutionConfigurationPlatforms) = preSolution
		Debug|Any CPU = Debug|Any CPU
		Debug|x64 = Debug|x64
		Debug|x86 = Debug|x86
		Release|Any CPU = Release|Any CPU
		Release|x64 = Release|x64
		Release|x86 = Release|x86
	EndGlobalSection
	GlobalSection(ProjectConfigurationPlatforms) = postSolution
		{D7F1A1C1-AADF-4A9A-B312-F0EB5DD93452}.Debug|Any CPU.ActiveCfg = Debug|Any CPU
		{D7F1A1C1-AADF-4A9A-B312-F0EB5DD93452}.Debug|Any CPU.Build.0 = Debug|Any CPU
		{D7F1A1C1-AADF-4A9A-B312-F0EB5DD93452}.Debug|x64.ActiveCfg = Debug|Any CPU
		{D7F1A1C1-AADF-4A9A-B312-F0EB5DD93452}.Debug|x64.Build.0 = Debug|Any CPU
		{D7F1A1C1-AADF-4A9A-B312-F0EB5DD93452}.Debug|x86.ActiveCfg = Debug|Any CPU
		{D7F1A1C1-AADF-4A9A-B312-F0EB5DD93452}.Debug|x86.Build.0 = Debug|Any CPU
		{D7F1A1C1-AADF-4A9A-B312-F0EB5DD93452}.Release|Any CPU.ActiveCfg = Release|Any CPU
		{D7F1A1C1-AADF-4A9A-B312-F0EB5DD93452}.Release|Any CPU.Build.0 = Release|Any CPU
		{D7F1A1C1-AADF-4A9A-B312-F0EB5DD93452}.Release|x64.ActiveCfg = Release|Any CPU
		{D7F1A1C1-AADF-4A9A-B312-F0EB5DD93452}.Release|x64.Build.0 = Release|Any CPU
		{D7F1A1C1-AADF-4A9A-B312-F0EB5DD93452}.Release|x86.ActiveCfg = Release|Any CPU
		{D7F1A1C1-AADF-4A9A-B312-F0EB5DD93452}.Release|x86.Build.0 = Release|Any CPU
		{5ECC6C14-0DDE-4F7F-9984-6027119C9FEC}.Debug|Any CPU.ActiveCfg = Debug|Any CPU
		{5ECC6C14-0DDE-4F7F-9984-6027119C9FEC}.Debug|Any CPU.Build.0 = Debug|Any CPU
		{5ECC6C14-0DDE-4F7F-9984-6027119C9FEC}.Debug|x64.ActiveCfg = Debug|Any CPU
		{5ECC6C14-0DDE-4F7F-9984-6027119C9FEC}.Debug|x64.Build.0 = Debug|Any CPU
		{5ECC6C14-0DDE-4F7F-9984-6027119C9FEC}.Debug|x86.ActiveCfg = Debug|Any CPU
		{5ECC6C14-0DDE-4F7F-9984-6027119C9FEC}.Debug|x86.Build.0 = Debug|Any CPU
		{5ECC6C14-0DDE-4F7F-9984-6027119C9FEC}.Release|Any CPU.ActiveCfg = Release|Any CPU
		{5ECC6C14-0DDE-4F7F-9984-6027119C9FEC}.Release|Any CPU.Build.0 = Release|Any CPU
		{5ECC6C14-0DDE-4F7F-9984-6027119C9FEC}.Release|x64.ActiveCfg = Release|Any CPU
		{5ECC6C14-0DDE-4F7F-9984-6027119C9FEC}.Release|x64.Build.0 = Release|Any CPU
		{5ECC6C14-0DDE-4F7F-9984-6027119C9FEC}.Release|x86.ActiveCfg = Release|Any CPU
		{5ECC6C14-0DDE-4F7F-9984-6027119C9FEC}.Release|x86.Build.0 = Release|Any CPU
	EndGlobalSection
	GlobalSection(SolutionProperties) = preSolution
		HideSolutionNode = FALSE
	EndGlobalSection
	GlobalSection(NestedProjects) = preSolution
		{4D425808-9B52-E95B-9A56-D315BE215CCF} = {7525B257-249C-EE79-B10A-65D0BC27ABA9}
		{D7F1A1C1-AADF-4A9A-B312-F0EB5DD93452} = {4D425808-9B52-E95B-9A56-D315BE215CCF}
		{5ECC6C14-0DDE-4F7F-9984-6027119C9FEC} = {4D425808-9B52-E95B-9A56-D315BE215CCF}
	EndGlobalSection
EndGlobal
