<Solution>
  <Configurations>
    <Platform Name="Any CPU" />
    <Platform Name="x64" />
    <Platform Name="x86" />
  </Configurations>
  <Project Path="eng/src/file-pusher/file-pusher.csproj" />
  <Project Path="eng/src/yaml-updater/yaml-updater.csproj" />
  <Project Path="src/Microsoft.DotNet.ImageBuilder/src/Microsoft.DotNet.ImageBuilder.csproj" />
  <Project Path="src/Microsoft.DotNet.ImageBuilder/tests/Microsoft.DotNet.ImageBuilder.Tests.csproj" />
</Solution>
