
Microsoft Visual Studio Solution File, Format Version 12.00
# Visual Studio 15
VisualStudioVersion = 15.0.26927.1
MinimumVisualStudioVersion = 10.0.40219.1
Project("{9A19103F-16F7-4668-BE54-9A1E7A4F7556}") = "Microsoft.DotNet.ImageBuilder", "Microsoft.DotNet.ImageBuilder.csproj", "{EA5BEDCF-A3E9-4E97-B9C0-8FCD0656EA02}"
EndProject
Global
	GlobalSection(SolutionConfigurationPlatforms) = preSolution
		Debug|Any CPU = Debug|Any CPU
		Release|Any CPU = Release|Any CPU
	EndGlobalSection
	GlobalSection(ProjectConfigurationPlatforms) = postSolution
		{EA5BEDCF-A3E9-4E97-B9C0-8FCD0656EA02}.Debug|Any CPU.ActiveCfg = Debug|Any CPU
		{EA5BEDCF-A3E9-4E97-B9C0-8FCD0656EA02}.Debug|Any CPU.Build.0 = Debug|Any CPU
		{EA5BEDCF-A3E9-4E97-B9C0-8FCD0656EA02}.Release|Any CPU.ActiveCfg = Release|Any CPU
		{EA5BEDCF-A3E9-4E97-B9C0-8FCD0656EA02}.Release|Any CPU.Build.0 = Release|Any CPU
	EndGlobalSection
	GlobalSection(SolutionProperties) = preSolution
		HideSolutionNode = FALSE
	EndGlobalSection
	GlobalSection(ExtensibilityGlobals) = postSolution
		SolutionGuid = {24AFE8C1-D5A2-447C-A655-6A6959D1EF75}
	EndGlobalSection
EndGlobal
