
Microsoft Visual Studio Solution File, Format Version 12.00
# Visual Studio Version 17
VisualStudioVersion = 17.0.31423.177
MinimumVisualStudioVersion = 10.0.40219.1
Project("{9A19103F-16F7-4668-BE54-9A1E7A4F7556}") = "yaml-updater", "yaml-updater\yaml-updater.csproj", "{35C88D06-16B3-4B47-8A6F-1C798D76985D}"
EndProject
Project("{9A19103F-16F7-4668-BE54-9A1E7A4F7556}") = "file-pusher", "file-pusher\file-pusher.csproj", "{90555EC0-C28D-4B8E-85A7-20AEB17B072A}"
EndProject
Global
	GlobalSection(SolutionConfigurationPlatforms) = preSolution
		Debug|Any CPU = Debug|Any CPU
		Release|Any CPU = Release|Any CPU
	EndGlobalSection
	GlobalSection(ProjectConfigurationPlatforms) = postSolution
		{35C88D06-16B3-4B47-8A6F-1C798D76985D}.Debug|Any CPU.ActiveCfg = Debug|Any CPU
		{35C88D06-16B3-4B47-8A6F-1C798D76985D}.Debug|Any CPU.Build.0 = Debug|Any CPU
		{35C88D06-16B3-4B47-8A6F-1C798D76985D}.Release|Any CPU.ActiveCfg = Release|Any CPU
		{35C88D06-16B3-4B47-8A6F-1C798D76985D}.Release|Any CPU.Build.0 = Release|Any CPU
		{90555EC0-C28D-4B8E-85A7-20AEB17B072A}.Debug|Any CPU.ActiveCfg = Debug|Any CPU
		{90555EC0-C28D-4B8E-85A7-20AEB17B072A}.Debug|Any CPU.Build.0 = Debug|Any CPU
		{90555EC0-C28D-4B8E-85A7-20AEB17B072A}.Release|Any CPU.ActiveCfg = Release|Any CPU
		{90555EC0-C28D-4B8E-85A7-20AEB17B072A}.Release|Any CPU.Build.0 = Release|Any CPU
	EndGlobalSection
	GlobalSection(SolutionProperties) = preSolution
		HideSolutionNode = FALSE
	EndGlobalSection
	GlobalSection(ExtensibilityGlobals) = postSolution
		SolutionGuid = {B4943054-4F4B-435C-8A6C-DCD957FB8165}
	EndGlobalSection
EndGlobal
